
Microsoft Visual Studio Solution File, Format Version 12.00
# Visual Studio Version 17
VisualStudioVersion = 17.3.32811.315
MinimumVisualStudioVersion = 10.0.40219.1
Project("{9A19103F-16F7-4668-BE54-9A1E7A4F7556}") = "WinformRopeRounding", "WinformRopeRounding\WinformRopeRounding.csproj", "{1A9D001A-D82E-46AA-95CD-43B69871CFC5}"
EndProject
Project("{9A19103F-16F7-4668-BE54-9A1E7A4F7556}") = "Cyotek.Windows.Forms.ImageBox", "Cyotek.Windows.Forms.ImageBox\Cyotek.Windows.Forms.ImageBox.csproj", "{7E900186-6A24-4DCB-9FD2-3720241E32D9}"
EndProject
Global
	GlobalSection(SolutionConfigurationPlatforms) = preSolution
		Debug|Any CPU = Debug|Any CPU
		Release|Any CPU = Release|Any CPU
	EndGlobalSection
	GlobalSection(ProjectConfigurationPlatforms) = postSolution
		{1A9D001A-D82E-46AA-95CD-43B69871CFC5}.Debug|Any CPU.ActiveCfg = Debug|Any CPU
		{1A9D001A-D82E-46AA-95CD-43B69871CFC5}.Debug|Any CPU.Build.0 = Debug|Any CPU
		{1A9D001A-D82E-46AA-95CD-43B69871CFC5}.Release|Any CPU.ActiveCfg = Release|Any CPU
		{1A9D001A-D82E-46AA-95CD-43B69871CFC5}.Release|Any CPU.Build.0 = Release|Any CPU
		{7E900186-6A24-4DCB-9FD2-3720241E32D9}.Debug|Any CPU.ActiveCfg = Debug|Any CPU
		{7E900186-6A24-4DCB-9FD2-3720241E32D9}.Debug|Any CPU.Build.0 = Debug|Any CPU
		{7E900186-6A24-4DCB-9FD2-3720241E32D9}.Release|Any CPU.ActiveCfg = Release|Any CPU
		{7E900186-6A24-4DCB-9FD2-3720241E32D9}.Release|Any CPU.Build.0 = Release|Any CPU
	EndGlobalSection
	GlobalSection(SolutionProperties) = preSolution
		HideSolutionNode = FALSE
	EndGlobalSection
	GlobalSection(ExtensibilityGlobals) = postSolution
		SolutionGuid = {02FB0AC8-24F7-414C-BEC6-EA4D11DFD92D}
	EndGlobalSection
EndGlobal
